github.com/cardano-community/koios-go-client/v4 v4.0.0-20240226154756-453fefc7a2a0 h1:3dYIvrQChrApXwhy9R1/zli5FIwrnAiZnxYFxJaEMg0=
github.com/cardano-community/koios-go-client/v4 v4.0.0-20240226154756-453fefc7a2a0/go.mod h1:0LCqkNAbhmIjMbXV1THQhS4nHdSDUO10HQTLu2hITXc=
github.com/davecgh/go-spew v1.1.1 h1:vj9j/u1bqnvCEfJOwUhtlOARqs3+rkHYY13jYWTU97c=
github.com/davecgh/go-spew v1.1.1/go.mod h1:J7Y8YcW2NihsgmVo/mv3lAwl/skON4iLHjSsI+c5H38=
github.com/happy-sdk/happy v0.19.0 h1:VzAXYWGCKZz4za7DHFvxY8fI2VPVJlUCGTPGbOXRyFI=
github.com/happy-sdk/happy v0.19.0/go.mod h1:8pND3rDvQoP+zhm3Dd9qRzMGOWmMG3emRTAZv+rDjdU=
github.com/happy-sdk/happy/pkg/branding v0.0.0-20240226165458-fc43947ea904 h1:UyYHlG/ds11oj2pC3YgixvcySzA6leKf1SaNExNYIlA=
github.com/happy-sdk/happy/pkg/branding v0.0.0-20240226165458-fc43947ea904/go.mod h1:NoJSzYrJ655/juWSpKvzP4RbwZzyziQoARdx+r1Xxi8=
github.com/happy-sdk/happy/pkg/cli/ansicolor v0.1.2 h1:UuNvNDjuzz0QnGCrupyXk9/qeiA+/5H/ZuarSS6qBjw=
github.com/happy-sdk/happy/pkg/cli/ansicolor v0.1.2/go.mod h1:QXrUuCN5F3kh1q/JTF6THVQ1k37eylyyu2NPlmc/l1E=
github.com/happy-sdk/happy/pkg/devel/testutils v0.6.0 h1:0JZqOzQNWzfD6RVYKe8f3UETg4E8PRcp4wsMJ7z5/wQ=
github.com/happy-sdk/happy/pkg/devel/testutils v0.6.0/go.mod h1:RhJucLCtEYMceBiIex9+9YmR05q0zs9qchSLnUDdFeY=
github.com/happy-sdk/happy/pkg/scheduling/cron v0.3.3 h1:4ZCtOwnliBIpy+GTSsYKTqCMQSJqVUGz/ucuH7qcX7I=
github.com/happy-sdk/happy/pkg/scheduling/cron v0.3.3/go.mod h1:sLVBy/BwZDpQLf5DG7qG+aVqUq1essYVjPpQ6vr6R04=
github.com/happy-sdk/happy/pkg/strings/bexp v1.3.2 h1:kuTkRNxNXsmsMKeePGg87GXHplbzOWiluEoM/G6q8bM=
github.com/happy-sdk/happy/pkg/strings/bexp v1.3.2/go.mod h1:z2CYFGUqNHg6Nc6TclcJT3AFkkF/QzDmA6cmvbKRVEY=
github.com/happy-sdk/happy/pkg/strings/humanize v0.1.0 h1:ZdjtQL3BAy63Ox5aBDGL5JnXdlLCKqNZzwDjNJ0AN/E=
github.com/happy-sdk/happy/pkg/strings/humanize v0.1.0/go.mod h1:xmY0+qQjk0Z7QV9EwZ/WP+N8cAL1dhLKG/CRjtWcYzE=
github.com/happy-sdk/happy/pkg/strings/textfmt v0.1.0 h1:71FR3MBCxVxUjINSYjDkXFAkxAN35JVZpiT+zOAWMGQ=
github.com/happy-sdk/happy/pkg/strings/textfmt v0.1.0/go.mod h1:dY6R0S1kwXKPJiOEnqiw20OvPLW9Ng6RmwYw3ykQBrs=
github.com/happy-sdk/happy/pkg/vars v0.8.0 h1:+O81OGEDXZV9J7YnJFDfMSbwGu5Tx8q1Ox9RdqQQ/sk=
github.com/happy-sdk/happy/pkg/vars v0.8.0/go.mod h1:mUoykJWi12uGRS+cH0FY6BaeuHXKWraj+jLQe0tafJU=
github.com/happy-sdk/happy/pkg/version v0.1.1 h1:1YxZbP3vaUHmccyW+f3HmTX/MMELa1+R5FyekIZuBOw=
github.com/happy-sdk/happy/pkg/version v0.1.1/go.mod h1:0cYSG2YMvEiyfiFmpQHVq0bXuYGMjJBYqmug+WBnfUs=
github.com/pmezard/go-difflib v1.0.0 h1:4DBwDE0NGyQoBHbLQYPwSUPoCMWR5BEzIk/f1lZbAQM=
github.com/pmezard/go-difflib v1.0.0/go.mod h1:iKH77koFhYxTK1pcRnkKkqfTogsbg7gZNVY4sRDYZ/4=
github.com/shopspring/decimal v1.3.1 h1:2Usl1nmF/WZucqkFZhnfFYxxxu8LG21F6nPQBE5gKV8=
github.com/shopspring/decimal v1.3.1/go.mod h1:DKyhrW/HYNuLGql+MJL6WCR6knT2jwCFRcu2hWCYk4o=
github.com/stretchr/testify v1.8.4 h1:CcVxjf3Q8PM0mHUKJCdn+eZZtm5yQwehR5yeSVQQcUk=
github.com/stretchr/testify v1.8.4/go.mod h1:sz/lmYIOXD/1dqDmKjjqLyZ2RngseejIcXlSw2iwfAo=
golang.org/x/mod v0.15.0 h1:SernR4v+D55NyBH2QiEQrlBAnj1ECL6AGrA5+dPaMY8=
golang.org/x/mod v0.15.0/go.mod h1:hTbmBsO62+eylJbnUtE2MGJUyE7QWk4xUqPFrRgJ+7c=
golang.org/x/sys v0.17.0 h1:25cE3gD+tdBA7lp7QfhuV+rJiE9YXTcS3VG1SqssI/Y=
golang.org/x/sys v0.17.0/go.mod h1:/VUhepiaJMQUp4+oa/7Zr1D23ma6VTLIYjOOTFZPUcA=
golang.org/x/text v0.14.0 h1:ScX5w1eTa3QqT8oi6+ziP7dTV1S2+ALU0bI+0zXKWiQ=
golang.org/x/text v0.14.0/go.mod h1:18ZOQIKpY8NJVqYksKHtTdi31H5itFRjB5/qKTNYzSU=
golang.org/x/time v0.5.0 h1:o7cqy6amK/52YcAKIPlM3a+Fpj35zvRj2TP+e1xFSfk=
golang.org/x/time v0.5.0/go.mod h1:3BpzKBy/shNhVucY/MWOyx10tF3SFh9QdLuxbVysPQM=
gopkg.in/yaml.v3 v3.0.1 h1:fxVm/GzAzEWqLHuvctI91KS9hhNmmWOoWu0XTYJS7CA=
gopkg.in/yaml.v3 v3.0.1/go.mod h1:K4uyk7z7BCEPqu6E+C64Yfv1cQ7kz7rIZviUmN+EgEM=
